
Microsoft Visual Studio Solution File, Format Version 12.00
# Visual Studio Version 17
VisualStudioVersion = 17.1.32127.271
MinimumVisualStudioVersion = 10.0.40219.1
Project("{2150E333-8FDC-42A3-9474-1A3956D46DE8}") = "Services", "Services", "{9B0CA341-9CE3-440C-AD9E-F2AD4D77E515}"
EndProject
Project("{2150E333-8FDC-42A3-9474-1A3956D46DE8}") = "Catalog", "Catalog", "{D4446CF0-DC2D-4CE7-8311-41F6296E651A}"
EndProject
Project("{9A19103F-16F7-4668-BE54-9A1E7A4F7556}") = "Catalog.API", "Services\Catalog\Catalog.API\Catalog.API.csproj", "{DA82B5CD-8AB2-425B-9D2F-59D8177FF992}"
EndProject
Project("{E53339B2-1760-4266-BCC7-CA923CBCF16C}") = "docker-compose", "docker-compose.dcproj", "{580C82CA-2B79-49F5-AB03-0FFE466B7D12}"
EndProject
Project("{2150E333-8FDC-42A3-9474-1A3956D46DE8}") = "Basket", "Basket", "{72B82A46-1E9F-4C76-B422-85B094E12365}"
EndProject
Project("{9A19103F-16F7-4668-BE54-9A1E7A4F7556}") = "Basket.API", "Services\Basket\Basket.API\Basket.API.csproj", "{50EC0A3C-DA34-42D2-9A35-58709DD02567}"
EndProject
Project("{2150E333-8FDC-42A3-9474-1A3956D46DE8}") = "Discount", "Discount", "{6A2B17EA-AC88-46C7-B39E-C7F31342B2AE}"
EndProject
Project("{9A19103F-16F7-4668-BE54-9A1E7A4F7556}") = "Discount.API", "Services\Discount\Discount.API\Discount.API.csproj", "{B4F342D9-1FE5-42B2-95A6-9D9EE52D3543}"
EndProject
Project("{9A19103F-16F7-4668-BE54-9A1E7A4F7556}") = "Discount.Grpc", "Services\Discount\Discount.Grpc\Discount.Grpc.csproj", "{3ECD492F-8E3B-44EA-AFD8-774DA3FB7EF4}"
EndProject
Project("{2150E333-8FDC-42A3-9474-1A3956D46DE8}") = "Ordering", "Ordering", "{B8745E70-BE33-4D59-976D-A42084CC9F66}"
EndProject
Project("{9A19103F-16F7-4668-BE54-9A1E7A4F7556}") = "Ordering.API", "Services\Ordering\Ordering.API\Ordering.API.csproj", "{56EB6192-7AFF-48A7-B9BC-E00D15D4FB1E}"
EndProject
Project("{9A19103F-16F7-4668-BE54-9A1E7A4F7556}") = "Ordering.Domain", "Services\Ordering\Ordering.Domain\Ordering.Domain.csproj", "{57BEA260-7599-4089-B88D-DF584AE59869}"
EndProject
Project("{9A19103F-16F7-4668-BE54-9A1E7A4F7556}") = "Ordering.Application", "Services\Ordering\Ordering.Application\Ordering.Application.csproj", "{C5332501-9541-4B23-8042-0F954CD04267}"
EndProject
Project("{9A19103F-16F7-4668-BE54-9A1E7A4F7556}") = "Ordering.Infrustructure", "Services\Ordering\Ordering.Infrustructure\Ordering.Infrustructure.csproj", "{85CC0281-177F-49E6-B16D-D6F5ACAC9B97}"
EndProject
Project("{2150E333-8FDC-42A3-9474-1A3956D46DE8}") = "BuildingBlocks", "BuildingBlocks", "{D56DDD96-F9A5-415E-86A3-4373686C551B}"
EndProject
Project("{FAE04EC0-301F-11D3-BF4B-00C04F79EFBC}") = "EventBus.Message", "BuildingBlocks\EventBus.Message\EventBus.Message.csproj", "{32CFDBAA-9E41-482A-B290-C9076846318B}"
EndProject
Global
	GlobalSection(SolutionConfigurationPlatforms) = preSolution
		Debug|Any CPU = Debug|Any CPU
		Release|Any CPU = Release|Any CPU
	EndGlobalSection
	GlobalSection(ProjectConfigurationPlatforms) = postSolution
		{DA82B5CD-8AB2-425B-9D2F-59D8177FF992}.Debug|Any CPU.ActiveCfg = Debug|Any CPU
		{DA82B5CD-8AB2-425B-9D2F-59D8177FF992}.Debug|Any CPU.Build.0 = Debug|Any CPU
		{DA82B5CD-8AB2-425B-9D2F-59D8177FF992}.Release|Any CPU.ActiveCfg = Release|Any CPU
		{DA82B5CD-8AB2-425B-9D2F-59D8177FF992}.Release|Any CPU.Build.0 = Release|Any CPU
		{580C82CA-2B79-49F5-AB03-0FFE466B7D12}.Debug|Any CPU.ActiveCfg = Debug|Any CPU
		{580C82CA-2B79-49F5-AB03-0FFE466B7D12}.Debug|Any CPU.Build.0 = Debug|Any CPU
		{580C82CA-2B79-49F5-AB03-0FFE466B7D12}.Release|Any CPU.ActiveCfg = Release|Any CPU
		{580C82CA-2B79-49F5-AB03-0FFE466B7D12}.Release|Any CPU.Build.0 = Release|Any CPU
		{50EC0A3C-DA34-42D2-9A35-58709DD02567}.Debug|Any CPU.ActiveCfg = Debug|Any CPU
		{50EC0A3C-DA34-42D2-9A35-58709DD02567}.Debug|Any CPU.Build.0 = Debug|Any CPU
		{50EC0A3C-DA34-42D2-9A35-58709DD02567}.Release|Any CPU.ActiveCfg = Release|Any CPU
		{50EC0A3C-DA34-42D2-9A35-58709DD02567}.Release|Any CPU.Build.0 = Release|Any CPU
		{B4F342D9-1FE5-42B2-95A6-9D9EE52D3543}.Debug|Any CPU.ActiveCfg = Debug|Any CPU
		{B4F342D9-1FE5-42B2-95A6-9D9EE52D3543}.Debug|Any CPU.Build.0 = Debug|Any CPU
		{B4F342D9-1FE5-42B2-95A6-9D9EE52D3543}.Release|Any CPU.ActiveCfg = Release|Any CPU
		{B4F342D9-1FE5-42B2-95A6-9D9EE52D3543}.Release|Any CPU.Build.0 = Release|Any CPU
		{3ECD492F-8E3B-44EA-AFD8-774DA3FB7EF4}.Debug|Any CPU.ActiveCfg = Debug|Any CPU
		{3ECD492F-8E3B-44EA-AFD8-774DA3FB7EF4}.Debug|Any CPU.Build.0 = Debug|Any CPU
		{3ECD492F-8E3B-44EA-AFD8-774DA3FB7EF4}.Release|Any CPU.ActiveCfg = Release|Any CPU
		{3ECD492F-8E3B-44EA-AFD8-774DA3FB7EF4}.Release|Any CPU.Build.0 = Release|Any CPU
		{56EB6192-7AFF-48A7-B9BC-E00D15D4FB1E}.Debug|Any CPU.ActiveCfg = Debug|Any CPU
		{56EB6192-7AFF-48A7-B9BC-E00D15D4FB1E}.Debug|Any CPU.Build.0 = Debug|Any CPU
		{56EB6192-7AFF-48A7-B9BC-E00D15D4FB1E}.Release|Any CPU.ActiveCfg = Release|Any CPU
		{56EB6192-7AFF-48A7-B9BC-E00D15D4FB1E}.Release|Any CPU.Build.0 = Release|Any CPU
		{57BEA260-7599-4089-B88D-DF584AE59869}.Debug|Any CPU.ActiveCfg = Debug|Any CPU
		{57BEA260-7599-4089-B88D-DF584AE59869}.Debug|Any CPU.Build.0 = Debug|Any CPU
		{57BEA260-7599-4089-B88D-DF584AE59869}.Release|Any CPU.ActiveCfg = Release|Any CPU
		{57BEA260-7599-4089-B88D-DF584AE59869}.Release|Any CPU.Build.0 = Release|Any CPU
		{C5332501-9541-4B23-8042-0F954CD04267}.Debug|Any CPU.ActiveCfg = Debug|Any CPU
		{C5332501-9541-4B23-8042-0F954CD04267}.Debug|Any CPU.Build.0 = Debug|Any CPU
		{C5332501-9541-4B23-8042-0F954CD04267}.Release|Any CPU.ActiveCfg = Release|Any CPU
		{C5332501-9541-4B23-8042-0F954CD04267}.Release|Any CPU.Build.0 = Release|Any CPU
		{85CC0281-177F-49E6-B16D-D6F5ACAC9B97}.Debug|Any CPU.ActiveCfg = Debug|Any CPU
		{85CC0281-177F-49E6-B16D-D6F5ACAC9B97}.Debug|Any CPU.Build.0 = Debug|Any CPU
		{85CC0281-177F-49E6-B16D-D6F5ACAC9B97}.Release|Any CPU.ActiveCfg = Release|Any CPU
		{85CC0281-177F-49E6-B16D-D6F5ACAC9B97}.Release|Any CPU.Build.0 = Release|Any CPU
		{32CFDBAA-9E41-482A-B290-C9076846318B}.Debug|Any CPU.ActiveCfg = Debug|Any CPU
		{32CFDBAA-9E41-482A-B290-C9076846318B}.Debug|Any CPU.Build.0 = Debug|Any CPU
		{32CFDBAA-9E41-482A-B290-C9076846318B}.Release|Any CPU.ActiveCfg = Release|Any CPU
		{32CFDBAA-9E41-482A-B290-C9076846318B}.Release|Any CPU.Build.0 = Release|Any CPU
	EndGlobalSection
	GlobalSection(SolutionProperties) = preSolution
		HideSolutionNode = FALSE
	EndGlobalSection
	GlobalSection(NestedProjects) = preSolution
		{D4446CF0-DC2D-4CE7-8311-41F6296E651A} = {9B0CA341-9CE3-440C-AD9E-F2AD4D77E515}
		{DA82B5CD-8AB2-425B-9D2F-59D8177FF992} = {D4446CF0-DC2D-4CE7-8311-41F6296E651A}
		{72B82A46-1E9F-4C76-B422-85B094E12365} = {9B0CA341-9CE3-440C-AD9E-F2AD4D77E515}
		{50EC0A3C-DA34-42D2-9A35-58709DD02567} = {72B82A46-1E9F-4C76-B422-85B094E12365}
		{6A2B17EA-AC88-46C7-B39E-C7F31342B2AE} = {9B0CA341-9CE3-440C-AD9E-F2AD4D77E515}
		{B4F342D9-1FE5-42B2-95A6-9D9EE52D3543} = {6A2B17EA-AC88-46C7-B39E-C7F31342B2AE}
		{3ECD492F-8E3B-44EA-AFD8-774DA3FB7EF4} = {6A2B17EA-AC88-46C7-B39E-C7F31342B2AE}
		{B8745E70-BE33-4D59-976D-A42084CC9F66} = {9B0CA341-9CE3-440C-AD9E-F2AD4D77E515}
		{56EB6192-7AFF-48A7-B9BC-E00D15D4FB1E} = {B8745E70-BE33-4D59-976D-A42084CC9F66}
		{57BEA260-7599-4089-B88D-DF584AE59869} = {B8745E70-BE33-4D59-976D-A42084CC9F66}
		{C5332501-9541-4B23-8042-0F954CD04267} = {B8745E70-BE33-4D59-976D-A42084CC9F66}
		{85CC0281-177F-49E6-B16D-D6F5ACAC9B97} = {B8745E70-BE33-4D59-976D-A42084CC9F66}
		{32CFDBAA-9E41-482A-B290-C9076846318B} = {D56DDD96-F9A5-415E-86A3-4373686C551B}
	EndGlobalSection
	GlobalSection(ExtensibilityGlobals) = postSolution
		SolutionGuid = {AA53C0E1-6043-4536-BC23-93EBD698548F}
	EndGlobalSection
EndGlobal
